// !$*UTF8*$!
{
	archiveVersion = 1;
	classes = {
	};
	objectVersion = 77;
	objects = {

/* Begin PBXBuildFile section */
		041A70A32298788621F2E622 /* libdovi.xcframework in Frameworks */ = {isa = PBXBuildFile; fileRef = 164DA27F63B762F8EB81BBD6 /* libdovi.xcframework */; };
		05E7F090FE1B9AC25B4A887D /* LibraryStore.swift in Sources */ = {isa = PBXBuildFile; fileRef = 40ED41BE6AC1AE734241A985 /* LibraryStore.swift */; };
		08B2451CF86AC0C6434C5221 /* YouTubeKit in Frameworks */ = {isa = PBXBuildFile; productRef = 31C49A9E4C9B1F404DCCB36B /* YouTubeKit */; };
		0BD9A09196C09FA6CD23461E /* HomeCatalogSettingsStore.swift in Sources */ = {isa = PBXBuildFile; fileRef = A26744F92AC1D7E60BF3416E /* HomeCatalogSettingsStore.swift */; };
		0DFE89CB6E0C80C4497E341F /* DebridService.swift in Sources */ = {isa = PBXBuildFile; fileRef = 3A1B94052D73FAE9626AEBA3 /* DebridService.swift */; };
		0E2802C1B431A3AC70B72BB9 /* PluginRuntime.swift in Sources */ = {isa = PBXBuildFile; fileRef = 30F27F22F4533CD299587859 /* PluginRuntime.swift */; };
		0F24DF0540C57C77690AA0B1 /* SettingsPlaybackView.swift in Sources */ = {isa = PBXBuildFile; fileRef = 553617D03EC21CCE1DC07E6F /* SettingsPlaybackView.swift */; };
		1034F55CBC8AD984D15D42BC /* FPSOverlay.swift in Sources */ = {isa = PBXBuildFile; fileRef = 48C7489E80217819FDE6A04B /* FPSOverlay.swift */; };
		117B56AA7E177A2635031B9D /* PlayerVideoView.swift in Sources */ = {isa = PBXBuildFile; fileRef = 88808D61D06962DC1E8D8598 /* PlayerVideoView.swift */; };
		13920A373FF2E5D7BB06F939 /* NuvioSyncModels.swift in Sources */ = {isa = PBXBuildFile; fileRef = 4E68E4D03BAF629A2694A011 /* NuvioSyncModels.swift */; };
		14112BEF124289B4FC2A911A /* SettingsTraktView.swift in Sources */ = {isa = PBXBuildFile; fileRef = 1EC4C10B5219C8C94F5868AA /* SettingsTraktView.swift */; };
		14C76B28C6CFAB66591F7FEB /* AddonManager.swift in Sources */ = {isa = PBXBuildFile; fileRef = EDBD5D6D83637232496C5D02 /* AddonManager.swift */; };
		1AAF42D71042267B89E916FF /* DVSampleEngine.swift in Sources */ = {isa = PBXBuildFile; fileRef = CAB2EDAF3951B63EA5348D33 /* DVSampleEngine.swift */; };
		2072F1BAB7047F8207172DA4 /* CollectionsStore.swift in Sources */ = {isa = PBXBuildFile; fileRef = 3A901073E967FB097E347259 /* CollectionsStore.swift */; };
		21DF981C8F7FCF69FA6358DB /* SettingsView.swift in Sources */ = {isa = PBXBuildFile; fileRef = 6A77D0DFF73779D6393DDF7A /* SettingsView.swift */; };
		23316C23B3E4386774491DB7 /* VLCEngine.swift in Sources */ = {isa = PBXBuildFile; fileRef = 760F22FDFFEF572A2AB98E3D /* VLCEngine.swift */; };
		23B73C354F5DF4CFFADB36BD /* QRCode.swift in Sources */ = {isa = PBXBuildFile; fileRef = CB84CD5358005AFCBA81FA25 /* QRCode.swift */; };
		26142DF8D7225D3AC3BEA184 /* MDBListService.swift in Sources */ = {isa = PBXBuildFile; fileRef = 414898F11CD091C483A70A67 /* MDBListService.swift */; };
		274B3436429C0A39118709A3 /* PerformanceProfile.swift in Sources */ = {isa = PBXBuildFile; fileRef = 0BC906D3D943CBF695266313 /* PerformanceProfile.swift */; };
		276BD4FAF524DAD3A6C360DE /* Secrets.swift in Sources */ = {isa = PBXBuildFile; fileRef = 2C9C87FFBAD0E1EECA829F5A /* Secrets.swift */; };
		2945B18F2B9F38E9C256ED3F /* SettingsStremioView.swift in Sources */ = {isa = PBXBuildFile; fileRef = 207E49F7F218C29823075727 /* SettingsStremioView.swift */; };
		2B0385C407CF63C38D4453C5 /* PluginStore.swift in Sources */ = {isa = PBXBuildFile; fileRef = F9033005E03573788ECC97D1 /* PluginStore.swift */; };
		2DCA83982721109BBFD27A97 /* StreamBadges.swift in Sources */ = {isa = PBXBuildFile; fileRef = 5780AD496BA8A2CFBBCD07CB /* StreamBadges.swift */; };
		2F285C593B479C27A9A8069E /* RemoteInput.swift in Sources */ = {isa = PBXBuildFile; fileRef = 33E98DE3FF2BD0DC102D80F4 /* RemoteInput.swift */; };
		303E74EFC12C9C1062E06549 /* ATVSettingsView.swift in Sources */ = {isa = PBXBuildFile; fileRef = 39DC3B35BA33139C3E0E7E57 /* ATVSettingsView.swift */; };
		3168B6CE490B234598A37408 /* TorrentSettingsStore.swift in Sources */ = {isa = PBXBuildFile; fileRef = 39771A168193BE313C08DB26 /* TorrentSettingsStore.swift */; };
		3980DE34DE34E597267BC6A3 /* PlayerSettingsStore.swift in Sources */ = {isa = PBXBuildFile; fileRef = C26E3B4C279900B78470C667 /* PlayerSettingsStore.swift */; };
		3DC8FC0723F87B82CBF59ECA /* ExternalPlayers.swift in Sources */ = {isa = PBXBuildFile; fileRef = 17D137BCE0827FF5B9EBCA42 /* ExternalPlayers.swift */; };
		3DEB06FDEFAA98127BC3C22B /* TraktSyncManager.swift in Sources */ = {isa = PBXBuildFile; fileRef = DAB427D4206F6FF8B2DB72D3 /* TraktSyncManager.swift */; };
		3E75BF4F2B2008787D63DDDD /* TMDBBrowseView.swift in Sources */ = {isa = PBXBuildFile; fileRef = E565452F2EEBB3B76844EE38 /* TMDBBrowseView.swift */; };
		3EC157D90F074782DEEB8E73 /* SettingsIntegrationsView.swift in Sources */ = {isa = PBXBuildFile; fileRef = C34BF835101EA7DC519880C9 /* SettingsIntegrationsView.swift */; };
		3F2C9867CC3DD146F997D28A /* ProfileStore.swift in Sources */ = {isa = PBXBuildFile; fileRef = 11754AD2FDC70C869EC871BC /* ProfileStore.swift */; };
		41DE279DC5F071F69311372D /* FusionHeroBar.swift in Sources */ = {isa = PBXBuildFile; fileRef = F0810BF895BB79E0A1FE8295 /* FusionHeroBar.swift */; };
		4312B17DA7F91CAC52773085 /* CollectionResolver.swift in Sources */ = {isa = PBXBuildFile; fileRef = 13F14405A1BC5A41FC21B2E4 /* CollectionResolver.swift */; };
		4412060276D57FF1BBE56C30 /* PlayerViewModel.swift in Sources */ = {isa = PBXBuildFile; fileRef = 824B17483732A7F2EBB5F81D /* PlayerViewModel.swift */; };
		4E54D704783E4680F2021062 /* RequestCache.swift in Sources */ = {isa = PBXBuildFile; fileRef = AD681267F7BC35D3CC1F797C /* RequestCache.swift */; };
		4ECEDFD89EDCFD7403B1E488 /* PluginModels.swift in Sources */ = {isa = PBXBuildFile; fileRef = 102BA7D7815453677A6A8EB5 /* PluginModels.swift */; };
		548BE5350BCB2D3F680185F8 /* SettingsLayoutView.swift in Sources */ = {isa = PBXBuildFile; fileRef = 142717F90563AF0BC845136D /* SettingsLayoutView.swift */; };
		593D75321FD0DC3A3A87D7FA /* ATVTheme.swift in Sources */ = {isa = PBXBuildFile; fileRef = A5A01D5FF908F1F01CF6BA50 /* ATVTheme.swift */; };
		5A1A603ACF792546257DA9D3 /* DiagnosticsService.swift in Sources */ = {isa = PBXBuildFile; fileRef = 757A803B163112348471FFDB /* DiagnosticsService.swift */; };
		5D185152242E28C27905AF0D /* PlusJakartaSans-Regular.ttf in Resources */ = {isa = PBXBuildFile; fileRef = B71A17685FFAD7E0923211ED /* PlusJakartaSans-Regular.ttf */; };
		627408A14DE3DD180AAE8831 /* SettingsPerformanceView.swift in Sources */ = {isa = PBXBuildFile; fileRef = 23BB59F8EC142A8F67E0D28F /* SettingsPerformanceView.swift */; };
		6690F24A9D9728CB59330407 /* PlayerDiagnosticsHUD.swift in Sources */ = {isa = PBXBuildFile; fileRef = 45C310E078DDD7CF6D7F8D36 /* PlayerDiagnosticsHUD.swift */; };
		6866CA62BAB2D88C2968222B /* NuvioTVApp.swift in Sources */ = {isa = PBXBuildFile; fileRef = B927939FBF8E9EC49EC75E7F /* NuvioTVApp.swift */; };
		6896AC6392F29F838AE40E41 /* DoviConverter.swift in Sources */ = {isa = PBXBuildFile; fileRef = B6DB589DC0A8FBFAF5AE8C3F /* DoviConverter.swift */; };
		6D6514C8D1CA6762391D951C /* PlaybackMemory.swift in Sources */ = {isa = PBXBuildFile; fileRef = E99A1FF71A31C71290649189 /* PlaybackMemory.swift */; };
		7000373F832F741F5E30C8D0 /* StreamsView.swift in Sources */ = {isa = PBXBuildFile; fileRef = 5D89B97FD2C452C0137A911D /* StreamsView.swift */; };
		70F4581D9B6D5F367F3AB2FE /* TopShelfExporter.swift in Sources */ = {isa = PBXBuildFile; fileRef = F2F37340DE97CB402D9FE2DE /* TopShelfExporter.swift */; };
		72F37280A6685C9D48A69C16 /* SettingsPluginsView.swift in Sources */ = {isa = PBXBuildFile; fileRef = 7EC7EEE05D52CC374B75AF0F /* SettingsPluginsView.swift */; };
		7BF77F209ADDEFD2A87797EB /* FusionPlayerControlsOverlay.swift in Sources */ = {isa = PBXBuildFile; fileRef = CDA097F1D266535EE1D84FA0 /* FusionPlayerControlsOverlay.swift */; };
		7D52AB2325AF15E38962086F /* GlassSidebar.swift in Sources */ = {isa = PBXBuildFile; fileRef = E9FC3F744D89D4C6EC533040 /* GlassSidebar.swift */; };
		7E27EFF436F5ABF148CCB301 /* TrailerPlayer.swift in Sources */ = {isa = PBXBuildFile; fileRef = E07F3565C7E5BB417A83893E /* TrailerPlayer.swift */; };
		80CE9B4C173D49701AABA48E /* PlusJakartaSans-Medium.ttf in Resources */ = {isa = PBXBuildFile; fileRef = 6451F0795E2EBBA900505F52 /* PlusJakartaSans-Medium.ttf */; };
		82F185106384988C38383B8D /* RatingsStore.swift in Sources */ = {isa = PBXBuildFile; fileRef = 4B46607610AE867A018845BD /* RatingsStore.swift */; };
		87BE6E3BECE882078235D494 /* SidePanels.swift in Sources */ = {isa = PBXBuildFile; fileRef = 0AABBCDB9DAA6E74AB201B6E /* SidePanels.swift */; };
		886C7D799342227181ECBE83 /* ProgressStore.swift in Sources */ = {isa = PBXBuildFile; fileRef = BBDCBEA43CE00C6DD740B204 /* ProgressStore.swift */; };
		88FEDC4B3E55B7F1D0D065E1 /* Assets.xcassets in Resources */ = {isa = PBXBuildFile; fileRef = F0510E8569C2B8AAC1E46969 /* Assets.xcassets */; };
		8BEFD722640C2C3DCF9F0E71 /* StremioAPI.swift in Sources */ = {isa = PBXBuildFile; fileRef = 8E7D954FA6B8F52309A05490 /* StremioAPI.swift */; };
		8C3C2D551DB191D562E74637 /* CastDetailView.swift in Sources */ = {isa = PBXBuildFile; fileRef = 260D75DAB36C83E9C3ABC4C6 /* CastDetailView.swift */; };
		8CD8F022B9E892253F0139DE /* LiveTVSettingsStore.swift in Sources */ = {isa = PBXBuildFile; fileRef = B1008C82BF4E819E8E025196 /* LiveTVSettingsStore.swift */; };
		8D638E0114249DD36A1B140E /* DiscoverView.swift in Sources */ = {isa = PBXBuildFile; fileRef = 4C01CCB128223FD098404765 /* DiscoverView.swift */; };
		8E628727D4B4241A39973930 /* AddonDiscoverView.swift in Sources */ = {isa = PBXBuildFile; fileRef = D424F88952AF98F3DB682E76 /* AddonDiscoverView.swift */; };
		8EEF224B9573AA3722E84B1D /* NuvioConfig.swift in Sources */ = {isa = PBXBuildFile; fileRef = EC76C716994706B4C8031E57 /* NuvioConfig.swift */; };
		93AB0F8D7406FDE418FD0158 /* TraktService.swift in Sources */ = {isa = PBXBuildFile; fileRef = A4EA353DABA76B77A9FCA728 /* TraktService.swift */; };
		93E54350111ACD546EF3AA86 /* TMDBService.swift in Sources */ = {isa = PBXBuildFile; fileRef = E3BA0288809B5DD6BEFC91DE /* TMDBService.swift */; };
		940EF9F55F7D3674E2E712FC /* NuvioAuthModels.swift in Sources */ = {isa = PBXBuildFile; fileRef = 3DA2F1D1196039A07AE5F6E0 /* NuvioAuthModels.swift */; };
		954267FE8B47C238B5ED55D1 /* WatchedStore.swift in Sources */ = {isa = PBXBuildFile; fileRef = B526B12FF40C35C8286806C2 /* WatchedStore.swift */; };
		95D56F234169C4D3C66B6EC7 /* ProfilesView.swift in Sources */ = {isa = PBXBuildFile; fileRef = E1B7D256E3B5029E76D7C03D /* ProfilesView.swift */; };
		96D2CB47BCA0FE3E4D612153 /* HomeView.swift in Sources */ = {isa = PBXBuildFile; fileRef = ADBB2C0716736EF000BE1068 /* HomeView.swift */; };
		97189F552A08D00D804936BA /* BoundedConcurrency.swift in Sources */ = {isa = PBXBuildFile; fileRef = 6AD5B18FB74FBC61C79F0A2C /* BoundedConcurrency.swift */; };
		9AD59B3BF5A0C489ADD1AA58 /* PlayerScreen.swift in Sources */ = {isa = PBXBuildFile; fileRef = 75C74274D8317A3EC634F256 /* PlayerScreen.swift */; };
		9B3FA2260743150105A9D5B4 /* DeepLinkService.swift in Sources */ = {isa = PBXBuildFile; fileRef = 0CEDB85725047F73A8229A81 /* DeepLinkService.swift */; };
		9B9E605EC0039FC1C05A6A1C /* VLCKitSPM in Frameworks */ = {isa = PBXBuildFile; productRef = 02A6139CD1D7A76A7D0AC3DC /* VLCKitSPM */; };
		9C364CBA90A9D6910DEE3E38 /* ScrubThumbnailer.swift in Sources */ = {isa = PBXBuildFile; fileRef = 1970D6E8918900E798318067 /* ScrubThumbnailer.swift */; };
		9E84617B508432C86A202A4E /* SourceSelection.swift in Sources */ = {isa = PBXBuildFile; fileRef = 4D4C53D8C6A8B8FC9F1C1216 /* SourceSelection.swift */; };
		A055A49823153A5E7FF467CF /* CollectionSourcePickerView.swift in Sources */ = {isa = PBXBuildFile; fileRef = 1F2F3D404F8090E645BED64F /* CollectionSourcePickerView.swift */; };
		A0E0B1CA9C96B4892749E9AB /* PauseOverlayView.swift in Sources */ = {isa = PBXBuildFile; fileRef = E2B5622602D0586649B04485 /* PauseOverlayView.swift */; };
		A31FEF4B46DD5BF74FE904B7 /* PlaybackDecision.swift in Sources */ = {isa = PBXBuildFile; fileRef = 82AD39946AE7E3EF48EA6F19 /* PlaybackDecision.swift */; };
		A9F8E8B54CCF719E19974568 /* ScrubberViews.swift in Sources */ = {isa = PBXBuildFile; fileRef = E6F178D2C0DFC1696A87DB92 /* ScrubberViews.swift */; };
		AB5B766D183A7565977D32AE /* FusionTokens.swift in Sources */ = {isa = PBXBuildFile; fileRef = F6445656DB7DCAD1E90A05A4 /* FusionTokens.swift */; };
		AE0CFA7CB5922AEB4625975A /* CollectionView.swift in Sources */ = {isa = PBXBuildFile; fileRef = EAE1265EE9F6B43BD02CCC9F /* CollectionView.swift */; };
		AE8A26A212CF6A062EA2F0B7 /* StremioAccount.swift in Sources */ = {isa = PBXBuildFile; fileRef = B2BFA3A5175DFB66B5ED3B94 /* StremioAccount.swift */; };
		B42B9DB670CD96D2A46BF3C4 /* NuvioLocalBackupService.swift in Sources */ = {isa = PBXBuildFile; fileRef = 918B41E012EC14B4B09F7155 /* NuvioLocalBackupService.swift */; };
		B93CF80ADD1404E1ED522216 /* AnimatedGIFView.swift in Sources */ = {isa = PBXBuildFile; fileRef = B0F6A4BAC8E2E8B139AFA4C3 /* AnimatedGIFView.swift */; };
		B99589BE4621E7B4EDD07A19 /* LiveTVView.swift in Sources */ = {isa = PBXBuildFile; fileRef = E2E52DF7CD06E99777E79CD5 /* LiveTVView.swift */; };
		BAFA27E5E9E52210E0D89DA5 /* AccountView.swift in Sources */ = {isa = PBXBuildFile; fileRef = 4581D56301494EB1525328EA /* AccountView.swift */; };
		BD13A077790442A6DDB1867D /* M3UService.swift in Sources */ = {isa = PBXBuildFile; fileRef = 9F731E55D56113BBF882CA93 /* M3UService.swift */; };
		BF6961891F5345E7DBE28277 /* Components.swift in Sources */ = {isa = PBXBuildFile; fileRef = 49BAA0E54FBA5A8CFE9473FA /* Components.swift */; };
		C12671117236D8EFD2CCDAD7 /* PlusJakartaSans-Bold.ttf in Resources */ = {isa = PBXBuildFile; fileRef = F4CCAAB52505E75CFE14A280 /* PlusJakartaSans-Bold.ttf */; };
		C1E4CF340CEB3DCC7282754C /* TorrServerService.swift in Sources */ = {isa = PBXBuildFile; fileRef = B849FFDB58E807B07C473367 /* TorrServerService.swift */; };
		C600249401D4B97C5E980D06 /* StremioSyncManager.swift in Sources */ = {isa = PBXBuildFile; fileRef = E3460A9075F4147E89F4C69D /* StremioSyncManager.swift */; };
		C876273DA65835A43BDBFFD9 /* PosterHoldMenu.swift in Sources */ = {isa = PBXBuildFile; fileRef = BC411FD781EFBC41A09ECCFB /* PosterHoldMenu.swift */; };
		CB4FE6DE4F4A2038847E8042 /* KSPlayer in Frameworks */ = {isa = PBXBuildFile; productRef = 6F247E3DA7201162C0D31072 /* KSPlayer */; };
		CC4A6D4DD45D75EFED96839E /* Models.swift in Sources */ = {isa = PBXBuildFile; fileRef = 79E6F3DF03C6701BE4587833 /* Models.swift */; };
		D31767F9B2A2591C6DF38322 /* NuvioAccountManager.swift in Sources */ = {isa = PBXBuildFile; fileRef = E88E24392958CAE9EB4727EE /* NuvioAccountManager.swift */; };
		D5A546FAEA5DBF7EF868DBE3 /* NuvioSyncManager.swift in Sources */ = {isa = PBXBuildFile; fileRef = 969D7289F1E624FC42108D86 /* NuvioSyncManager.swift */; };
		D80260DF602808C85646CA6F /* ParentalGuideService.swift in Sources */ = {isa = PBXBuildFile; fileRef = 27E6B87A80D6B01D3A58DD6B /* ParentalGuideService.swift */; };
		D93146472B6B7BF5F92096A7 /* AnimeSkipService.swift in Sources */ = {isa = PBXBuildFile; fileRef = 33630A3CF4A4B769A36A3404 /* AnimeSkipService.swift */; };
		DDDEA206F0D4A9A48B5C421C /* FocusTour.swift in Sources */ = {isa = PBXBuildFile; fileRef = B453879DDCDBBC1441013D02 /* FocusTour.swift */; };
		DE12BE6F70FBD7F478A5C1C9 /* NuvioSyncDiagnostics.swift in Sources */ = {isa = PBXBuildFile; fileRef = A98645467AE5A622E980295E /* NuvioSyncDiagnostics.swift */; };
		DE74561D221C4C25B60C7E41 /* CloudLibraryService.swift in Sources */ = {isa = PBXBuildFile; fileRef = CB57AA419192D7276E5E56DC /* CloudLibraryService.swift */; };
		DEBAD856757DC233DB8C0D71 /* PlayerTempSweep.swift in Sources */ = {isa = PBXBuildFile; fileRef = 5E6FF8EBA83078F27EEBA5D5 /* PlayerTempSweep.swift */; };
		E2CFF35E41DBA1ED383BD452 /* CommunityCollectionsView.swift in Sources */ = {isa = PBXBuildFile; fileRef = EDFA7EC018CBBC0C2C165D94 /* CommunityCollectionsView.swift */; };
		E443BC9DF49F9CC79A5971CD /* AddonCatalogService.swift in Sources */ = {isa = PBXBuildFile; fileRef = 16C3CC132C8AA81FEAD97A0F /* AddonCatalogService.swift */; };
		E49DA432855CAADA04F61C1A /* StreamProbe.swift in Sources */ = {isa = PBXBuildFile; fileRef = 3AFF7295F1567705FF1F5B5D /* StreamProbe.swift */; };
		E5B79A409AAB47A1AC1155D8 /* DetailView.swift in Sources */ = {isa = PBXBuildFile; fileRef = 243ACB41C793BA410B49B210 /* DetailView.swift */; };
		E70E13C52AD92FE35CBC2E4C /* CatalogSeeAllView.swift in Sources */ = {isa = PBXBuildFile; fileRef = 09C3A6238099830333C1A60E /* CatalogSeeAllView.swift */; };
		E7968FD724F0443BE2AC6D9E /* Atomic.swift in Sources */ = {isa = PBXBuildFile; fileRef = 102204A34654D2AF11EB4BFA /* Atomic.swift */; };
		E7D11030D6A9778E46F942EB /* PerformanceSettingsStore.swift in Sources */ = {isa = PBXBuildFile; fileRef = 378BD17D8C6352257471571D /* PerformanceSettingsStore.swift */; };
		E9F427CC46D1D7C9E4D65EBE /* AppGroupResolver.swift in Sources */ = {isa = PBXBuildFile; fileRef = 7F886347A1FAA3C2686A4A49 /* AppGroupResolver.swift */; };
		EA3331CD768BFEBD84DF3E31 /* CloudLibraryView.swift in Sources */ = {isa = PBXBuildFile; fileRef = 0427A6C91DE30C948C8A38BF /* CloudLibraryView.swift */; };
		EA3FAC10216300E9811CF19E /* SearchView.swift in Sources */ = {isa = PBXBuildFile; fileRef = E5D7F61A348C43BA8601218A /* SearchView.swift */; };
		F016AB0B271739F9298BE959 /* NuvioDropdown.swift in Sources */ = {isa = PBXBuildFile; fileRef = 44180118E0397498DE32CF39 /* NuvioDropdown.swift */; };
		F285DC442C9BCF03E79A73EA /* NuvioTheme.swift in Sources */ = {isa = PBXBuildFile; fileRef = F1510EE278728A03479CC185 /* NuvioTheme.swift */; };
		FAA75F676F4221AD4B32CD89 /* LibraryView.swift in Sources */ = {isa = PBXBuildFile; fileRef = DF61804404FEAD1E3E5E4FD6 /* LibraryView.swift */; };
/* End PBXBuildFile section */

/* Begin PBXContainerItemProxy section */
		A82B05549178A1A29811495F /* PBXContainerItemProxy */ = {
			isa = PBXContainerItemProxy;
			containerPortal = 8F5B314DFD27C68D213BBFF4 /* Project object */;
			proxyType = 1;
			remoteGlobalIDString = 9B28AFC24C4C5D6E30EA9EC5;
			remoteInfo = NuvioTV;
		};
/* End PBXContainerItemProxy section */

/* Begin PBXFileReference section */
		0427A6C91DE30C948C8A38BF /* CloudLibraryView.swift */ = {isa = PBXFileReference; lastKnownFileType = sourcecode.swift; path = CloudLibraryView.swift; sourceTree = "<group>"; };
		09C3A6238099830333C1A60E /* CatalogSeeAllView.swift */ = {isa = PBXFileReference; lastKnownFileType = sourcecode.swift; path = CatalogSeeAllView.swift; sourceTree = "<group>"; };
		0AABBCDB9DAA6E74AB201B6E /* SidePanels.swift */ = {isa = PBXFileReference; lastKnownFileType = sourcecode.swift; path = SidePanels.swift; sourceTree = "<group>"; };
		0BC906D3D943CBF695266313 /* PerformanceProfile.swift */ = {isa = PBXFileReference; lastKnownFileType = sourcecode.swift; path = PerformanceProfile.swift; sourceTree = "<group>"; };
		0CEDB85725047F73A8229A81 /* DeepLinkService.swift */ = {isa = PBXFileReference; lastKnownFileType = sourcecode.swift; path = DeepLinkService.swift; sourceTree = "<group>"; };
		102204A34654D2AF11EB4BFA /* Atomic.swift */ = {isa = PBXFileReference; lastKnownFileType = sourcecode.swift; path = Atomic.swift; sourceTree = "<group>"; };
		102BA7D7815453677A6A8EB5 /* PluginModels.swift */ = {isa = PBXFileReference; lastKnownFileType = sourcecode.swift; path = PluginModels.swift; sourceTree = "<group>"; };
		11754AD2FDC70C869EC871BC /* ProfileStore.swift */ = {isa = PBXFileReference; lastKnownFileType = sourcecode.swift; path = ProfileStore.swift; sourceTree = "<group>"; };
		13F14405A1BC5A41FC21B2E4 /* CollectionResolver.swift */ = {isa = PBXFileReference; lastKnownFileType = sourcecode.swift; path = CollectionResolver.swift; sourceTree = "<group>"; };
		142717F90563AF0BC845136D /* SettingsLayoutView.swift */ = {isa = PBXFileReference; lastKnownFileType = sourcecode.swift; path = SettingsLayoutView.swift; sourceTree = "<group>"; };
		164DA27F63B762F8EB81BBD6 /* libdovi.xcframework */ = {isa = PBXFileReference; lastKnownFileType = wrapper.xcframework; name = libdovi.xcframework; path = Vendor/libdovi.xcframework; sourceTree = "<group>"; };
		16C3CC132C8AA81FEAD97A0F /* AddonCatalogService.swift */ = {isa = PBXFileReference; lastKnownFileType = sourcecode.swift; path = AddonCatalogService.swift; sourceTree = "<group>"; };
		17D137BCE0827FF5B9EBCA42 /* ExternalPlayers.swift */ = {isa = PBXFileReference; lastKnownFileType = sourcecode.swift; path = ExternalPlayers.swift; sourceTree = "<group>"; };
		1970D6E8918900E798318067 /* ScrubThumbnailer.swift */ = {isa = PBXFileReference; lastKnownFileType = sourcecode.swift; path = ScrubThumbnailer.swift; sourceTree = "<group>"; };
		1EC4C10B5219C8C94F5868AA /* SettingsTraktView.swift */ = {isa = PBXFileReference; lastKnownFileType = sourcecode.swift; path = SettingsTraktView.swift; sourceTree = "<group>"; };
		1F2F3D404F8090E645BED64F /* CollectionSourcePickerView.swift */ = {isa = PBXFileReference; lastKnownFileType = sourcecode.swift; path = CollectionSourcePickerView.swift; sourceTree = "<group>"; };
		207E49F7F218C29823075727 /* SettingsStremioView.swift */ = {isa = PBXFileReference; lastKnownFileType = sourcecode.swift; path = SettingsStremioView.swift; sourceTree = "<group>"; };
		23BB59F8EC142A8F67E0D28F /* SettingsPerformanceView.swift */ = {isa = PBXFileReference; lastKnownFileType = sourcecode.swift; path = SettingsPerformanceView.swift; sourceTree = "<group>"; };
		243ACB41C793BA410B49B210 /* DetailView.swift */ = {isa = PBXFileReference; lastKnownFileType = sourcecode.swift; path = DetailView.swift; sourceTree = "<group>"; };
		260D75DAB36C83E9C3ABC4C6 /* CastDetailView.swift */ = {isa = PBXFileReference; lastKnownFileType = sourcecode.swift; path = CastDetailView.swift; sourceTree = "<group>"; };
		27E6B87A80D6B01D3A58DD6B /* ParentalGuideService.swift */ = {isa = PBXFileReference; lastKnownFileType = sourcecode.swift; path = ParentalGuideService.swift; sourceTree = "<group>"; };
		2C9C87FFBAD0E1EECA829F5A /* Secrets.swift */ = {isa = PBXFileReference; lastKnownFileType = sourcecode.swift; path = Secrets.swift; sourceTree = "<group>"; };
		30F27F22F4533CD299587859 /* PluginRuntime.swift */ = {isa = PBXFileReference; lastKnownFileType = sourcecode.swift; path = PluginRuntime.swift; sourceTree = "<group>"; };
		33630A3CF4A4B769A36A3404 /* AnimeSkipService.swift */ = {isa = PBXFileReference; lastKnownFileType = sourcecode.swift; path = AnimeSkipService.swift; sourceTree = "<group>"; };
		33E98DE3FF2BD0DC102D80F4 /* RemoteInput.swift */ = {isa = PBXFileReference; lastKnownFileType = sourcecode.swift; path = RemoteInput.swift; sourceTree = "<group>"; };
		378BD17D8C6352257471571D /* PerformanceSettingsStore.swift */ = {isa = PBXFileReference; lastKnownFileType = sourcecode.swift; path = PerformanceSettingsStore.swift; sourceTree = "<group>"; };
		39771A168193BE313C08DB26 /* TorrentSettingsStore.swift */ = {isa = PBXFileReference; lastKnownFileType = sourcecode.swift; path = TorrentSettingsStore.swift; sourceTree = "<group>"; };
		39DC3B35BA33139C3E0E7E57 /* ATVSettingsView.swift */ = {isa = PBXFileReference; lastKnownFileType = sourcecode.swift; path = ATVSettingsView.swift; sourceTree = "<group>"; };
		3A1B94052D73FAE9626AEBA3 /* DebridService.swift */ = {isa = PBXFileReference; lastKnownFileType = sourcecode.swift; path = DebridService.swift; sourceTree = "<group>"; };
		3A901073E967FB097E347259 /* CollectionsStore.swift */ = {isa = PBXFileReference; lastKnownFileType = sourcecode.swift; path = CollectionsStore.swift; sourceTree = "<group>"; };
		3AFF7295F1567705FF1F5B5D /* StreamProbe.swift */ = {isa = PBXFileReference; lastKnownFileType = sourcecode.swift; path = StreamProbe.swift; sourceTree = "<group>"; };
		3DA2F1D1196039A07AE5F6E0 /* NuvioAuthModels.swift */ = {isa = PBXFileReference; lastKnownFileType = sourcecode.swift; path = NuvioAuthModels.swift; sourceTree = "<group>"; };
		40ED41BE6AC1AE734241A985 /* LibraryStore.swift */ = {isa = PBXFileReference; lastKnownFileType = sourcecode.swift; path = LibraryStore.swift; sourceTree = "<group>"; };
		414898F11CD091C483A70A67 /* MDBListService.swift */ = {isa = PBXFileReference; lastKnownFileType = sourcecode.swift; path = MDBListService.swift; sourceTree = "<group>"; };
		44180118E0397498DE32CF39 /* NuvioDropdown.swift */ = {isa = PBXFileReference; lastKnownFileType = sourcecode.swift; path = NuvioDropdown.swift; sourceTree = "<group>"; };
		4581D56301494EB1525328EA /* AccountView.swift */ = {isa = PBXFileReference; lastKnownFileType = sourcecode.swift; path = AccountView.swift; sourceTree = "<group>"; };
		45C310E078DDD7CF6D7F8D36 /* PlayerDiagnosticsHUD.swift */ = {isa = PBXFileReference; lastKnownFileType = sourcecode.swift; path = PlayerDiagnosticsHUD.swift; sourceTree = "<group>"; };
		4851E3EBD2CB353BA336DAFE /* KSPlayer */ = {isa = PBXFileReference; lastKnownFileType = folder; name = KSPlayer; path = Vendor/KSPlayer; sourceTree = SOURCE_ROOT; };
		48C7489E80217819FDE6A04B /* FPSOverlay.swift */ = {isa = PBXFileReference; lastKnownFileType = sourcecode.swift; path = FPSOverlay.swift; sourceTree = "<group>"; };
		49BAA0E54FBA5A8CFE9473FA /* Components.swift */ = {isa = PBXFileReference; lastKnownFileType = sourcecode.swift; path = Components.swift; sourceTree = "<group>"; };
		4B46607610AE867A018845BD /* RatingsStore.swift */ = {isa = PBXFileReference; lastKnownFileType = sourcecode.swift; path = RatingsStore.swift; sourceTree = "<group>"; };
		4C01CCB128223FD098404765 /* DiscoverView.swift */ = {isa = PBXFileReference; lastKnownFileType = sourcecode.swift; path = DiscoverView.swift; sourceTree = "<group>"; };
		4D4C53D8C6A8B8FC9F1C1216 /* SourceSelection.swift */ = {isa = PBXFileReference; lastKnownFileType = sourcecode.swift; path = SourceSelection.swift; sourceTree = "<group>"; };
		4E68E4D03BAF629A2694A011 /* NuvioSyncModels.swift */ = {isa = PBXFileReference; lastKnownFileType = sourcecode.swift; path = NuvioSyncModels.swift; sourceTree = "<group>"; };
		553617D03EC21CCE1DC07E6F /* SettingsPlaybackView.swift */ = {isa = PBXFileReference; lastKnownFileType = sourcecode.swift; path = SettingsPlaybackView.swift; sourceTree = "<group>"; };
		5780AD496BA8A2CFBBCD07CB /* StreamBadges.swift */ = {isa = PBXFileReference; lastKnownFileType = sourcecode.swift; path = StreamBadges.swift; sourceTree = "<group>"; };
		5D89B97FD2C452C0137A911D /* StreamsView.swift */ = {isa = PBXFileReference; lastKnownFileType = sourcecode.swift; path = StreamsView.swift; sourceTree = "<group>"; };
		5E6FF8EBA83078F27EEBA5D5 /* PlayerTempSweep.swift */ = {isa = PBXFileReference; lastKnownFileType = sourcecode.swift; path = PlayerTempSweep.swift; sourceTree = "<group>"; };
		6451F0795E2EBBA900505F52 /* PlusJakartaSans-Medium.ttf */ = {isa = PBXFileReference; lastKnownFileType = file; path = "PlusJakartaSans-Medium.ttf"; sourceTree = "<group>"; };
		6A77D0DFF73779D6393DDF7A /* SettingsView.swift */ = {isa = PBXFileReference; lastKnownFileType = sourcecode.swift; path = SettingsView.swift; sourceTree = "<group>"; };
		6AD5B18FB74FBC61C79F0A2C /* BoundedConcurrency.swift */ = {isa = PBXFileReference; lastKnownFileType = sourcecode.swift; path = BoundedConcurrency.swift; sourceTree = "<group>"; };
		757A803B163112348471FFDB /* DiagnosticsService.swift */ = {isa = PBXFileReference; lastKnownFileType = sourcecode.swift; path = DiagnosticsService.swift; sourceTree = "<group>"; };
		75C74274D8317A3EC634F256 /* PlayerScreen.swift */ = {isa = PBXFileReference; lastKnownFileType = sourcecode.swift; path = PlayerScreen.swift; sourceTree = "<group>"; };
		760F22FDFFEF572A2AB98E3D /* VLCEngine.swift */ = {isa = PBXFileReference; lastKnownFileType = sourcecode.swift; path = VLCEngine.swift; sourceTree = "<group>"; };
		79E6F3DF03C6701BE4587833 /* Models.swift */ = {isa = PBXFileReference; lastKnownFileType = sourcecode.swift; path = Models.swift; sourceTree = "<group>"; };
		7EC7EEE05D52CC374B75AF0F /* SettingsPluginsView.swift */ = {isa = PBXFileReference; lastKnownFileType = sourcecode.swift; path = SettingsPluginsView.swift; sourceTree = "<group>"; };
		7F886347A1FAA3C2686A4A49 /* AppGroupResolver.swift */ = {isa = PBXFileReference; lastKnownFileType = sourcecode.swift; path = AppGroupResolver.swift; sourceTree = "<group>"; };
		824B17483732A7F2EBB5F81D /* PlayerViewModel.swift */ = {isa = PBXFileReference; lastKnownFileType = sourcecode.swift; path = PlayerViewModel.swift; sourceTree = "<group>"; };
		82AD39946AE7E3EF48EA6F19 /* PlaybackDecision.swift */ = {isa = PBXFileReference; lastKnownFileType = sourcecode.swift; path = PlaybackDecision.swift; sourceTree = "<group>"; };
		88808D61D06962DC1E8D8598 /* PlayerVideoView.swift */ = {isa = PBXFileReference; lastKnownFileType = sourcecode.swift; path = PlayerVideoView.swift; sourceTree = "<group>"; };
		8E7D954FA6B8F52309A05490 /* StremioAPI.swift */ = {isa = PBXFileReference; lastKnownFileType = sourcecode.swift; path = StremioAPI.swift; sourceTree = "<group>"; };
		918B41E012EC14B4B09F7155 /* NuvioLocalBackupService.swift */ = {isa = PBXFileReference; lastKnownFileType = sourcecode.swift; path = NuvioLocalBackupService.swift; sourceTree = "<group>"; };
		969D7289F1E624FC42108D86 /* NuvioSyncManager.swift */ = {isa = PBXFileReference; lastKnownFileType = sourcecode.swift; path = NuvioSyncManager.swift; sourceTree = "<group>"; };
		9F731E55D56113BBF882CA93 /* M3UService.swift */ = {isa = PBXFileReference; lastKnownFileType = sourcecode.swift; path = M3UService.swift; sourceTree = "<group>"; };
		A26744F92AC1D7E60BF3416E /* HomeCatalogSettingsStore.swift */ = {isa = PBXFileReference; lastKnownFileType = sourcecode.swift; path = HomeCatalogSettingsStore.swift; sourceTree = "<group>"; };
		A4EA353DABA76B77A9FCA728 /* TraktService.swift */ = {isa = PBXFileReference; lastKnownFileType = sourcecode.swift; path = TraktService.swift; sourceTree = "<group>"; };
		A5A01D5FF908F1F01CF6BA50 /* ATVTheme.swift */ = {isa = PBXFileReference; lastKnownFileType = sourcecode.swift; path = ATVTheme.swift; sourceTree = "<group>"; };
		A98645467AE5A622E980295E /* NuvioSyncDiagnostics.swift */ = {isa = PBXFileReference; lastKnownFileType = sourcecode.swift; path = NuvioSyncDiagnostics.swift; sourceTree = "<group>"; };
		AD681267F7BC35D3CC1F797C /* RequestCache.swift */ = {isa = PBXFileReference; lastKnownFileType = sourcecode.swift; path = RequestCache.swift; sourceTree = "<group>"; };
		ADBB2C0716736EF000BE1068 /* HomeView.swift */ = {isa = PBXFileReference; lastKnownFileType = sourcecode.swift; path = HomeView.swift; sourceTree = "<group>"; };
		B0F6A4BAC8E2E8B139AFA4C3 /* AnimatedGIFView.swift */ = {isa = PBXFileReference; lastKnownFileType = sourcecode.swift; path = AnimatedGIFView.swift; sourceTree = "<group>"; };
		B1008C82BF4E819E8E025196 /* LiveTVSettingsStore.swift */ = {isa = PBXFileReference; lastKnownFileType = sourcecode.swift; path = LiveTVSettingsStore.swift; sourceTree = "<group>"; };
		B2BFA3A5175DFB66B5ED3B94 /* StremioAccount.swift */ = {isa = PBXFileReference; lastKnownFileType = sourcecode.swift; path = StremioAccount.swift; sourceTree = "<group>"; };
		B453879DDCDBBC1441013D02 /* FocusTour.swift */ = {isa = PBXFileReference; lastKnownFileType = sourcecode.swift; path = FocusTour.swift; sourceTree = "<group>"; };
		B526B12FF40C35C8286806C2 /* WatchedStore.swift */ = {isa = PBXFileReference; lastKnownFileType = sourcecode.swift; path = WatchedStore.swift; sourceTree = "<group>"; };
		B6DB589DC0A8FBFAF5AE8C3F /* DoviConverter.swift */ = {isa = PBXFileReference; lastKnownFileType = sourcecode.swift; path = DoviConverter.swift; sourceTree = "<group>"; };
		B71A17685FFAD7E0923211ED /* PlusJakartaSans-Regular.ttf */ = {isa = PBXFileReference; lastKnownFileType = file; path = "PlusJakartaSans-Regular.ttf"; sourceTree = "<group>"; };
		B849FFDB58E807B07C473367 /* TorrServerService.swift */ = {isa = PBXFileReference; lastKnownFileType = sourcecode.swift; path = TorrServerService.swift; sourceTree = "<group>"; };
		B927939FBF8E9EC49EC75E7F /* NuvioTVApp.swift */ = {isa = PBXFileReference; lastKnownFileType = sourcecode.swift; path = NuvioTVApp.swift; sourceTree = "<group>"; };
		BBDCBEA43CE00C6DD740B204 /* ProgressStore.swift */ = {isa = PBXFileReference; lastKnownFileType = sourcecode.swift; path = ProgressStore.swift; sourceTree = "<group>"; };
		BC411FD781EFBC41A09ECCFB /* PosterHoldMenu.swift */ = {isa = PBXFileReference; lastKnownFileType = sourcecode.swift; path = PosterHoldMenu.swift; sourceTree = "<group>"; };
		C26E3B4C279900B78470C667 /* PlayerSettingsStore.swift */ = {isa = PBXFileReference; lastKnownFileType = sourcecode.swift; path = PlayerSettingsStore.swift; sourceTree = "<group>"; };
		C34BF835101EA7DC519880C9 /* SettingsIntegrationsView.swift */ = {isa = PBXFileReference; lastKnownFileType = sourcecode.swift; path = SettingsIntegrationsView.swift; sourceTree = "<group>"; };
		CAB2EDAF3951B63EA5348D33 /* DVSampleEngine.swift */ = {isa = PBXFileReference; lastKnownFileType = sourcecode.swift; path = DVSampleEngine.swift; sourceTree = "<group>"; };
		CB57AA419192D7276E5E56DC /* CloudLibraryService.swift */ = {isa = PBXFileReference; lastKnownFileType = sourcecode.swift; path = CloudLibraryService.swift; sourceTree = "<group>"; };
		CB84CD5358005AFCBA81FA25 /* QRCode.swift */ = {isa = PBXFileReference; lastKnownFileType = sourcecode.swift; path = QRCode.swift; sourceTree = "<group>"; };
		CDA097F1D266535EE1D84FA0 /* FusionPlayerControlsOverlay.swift */ = {isa = PBXFileReference; lastKnownFileType = sourcecode.swift; path = FusionPlayerControlsOverlay.swift; sourceTree = "<group>"; };
		D424F88952AF98F3DB682E76 /* AddonDiscoverView.swift */ = {isa = PBXFileReference; lastKnownFileType = sourcecode.swift; path = AddonDiscoverView.swift; sourceTree = "<group>"; };
		DAB427D4206F6FF8B2DB72D3 /* TraktSyncManager.swift */ = {isa = PBXFileReference; lastKnownFileType = sourcecode.swift; path = TraktSyncManager.swift; sourceTree = "<group>"; };
		DF61804404FEAD1E3E5E4FD6 /* LibraryView.swift */ = {isa = PBXFileReference; lastKnownFileType = sourcecode.swift; path = LibraryView.swift; sourceTree = "<group>"; };
		E07F3565C7E5BB417A83893E /* TrailerPlayer.swift */ = {isa = PBXFileReference; lastKnownFileType = sourcecode.swift; path = TrailerPlayer.swift; sourceTree = "<group>"; };
		E082ACA18B306E4D2DFC76F4 /* NuvioTV.app */ = {isa = PBXFileReference; includeInIndex = 0; lastKnownFileType = wrapper.application; path = NuvioTV.app; sourceTree = BUILT_PRODUCTS_DIR; };
		E1B7D256E3B5029E76D7C03D /* ProfilesView.swift */ = {isa = PBXFileReference; lastKnownFileType = sourcecode.swift; path = ProfilesView.swift; sourceTree = "<group>"; };
		E2B5622602D0586649B04485 /* PauseOverlayView.swift */ = {isa = PBXFileReference; lastKnownFileType = sourcecode.swift; path = PauseOverlayView.swift; sourceTree = "<group>"; };
		E2E52DF7CD06E99777E79CD5 /* LiveTVView.swift */ = {isa = PBXFileReference; lastKnownFileType = sourcecode.swift; path = LiveTVView.swift; sourceTree = "<group>"; };
		E3460A9075F4147E89F4C69D /* StremioSyncManager.swift */ = {isa = PBXFileReference; lastKnownFileType = sourcecode.swift; path = StremioSyncManager.swift; sourceTree = "<group>"; };
		E3BA0288809B5DD6BEFC91DE /* TMDBService.swift */ = {isa = PBXFileReference; lastKnownFileType = sourcecode.swift; path = TMDBService.swift; sourceTree = "<group>"; };
		E565452F2EEBB3B76844EE38 /* TMDBBrowseView.swift */ = {isa = PBXFileReference; lastKnownFileType = sourcecode.swift; path = TMDBBrowseView.swift; sourceTree = "<group>"; };
		E5D7F61A348C43BA8601218A /* SearchView.swift */ = {isa = PBXFileReference; lastKnownFileType = sourcecode.swift; path = SearchView.swift; sourceTree = "<group>"; };
		E6F178D2C0DFC1696A87DB92 /* ScrubberViews.swift */ = {isa = PBXFileReference; lastKnownFileType = sourcecode.swift; path = ScrubberViews.swift; sourceTree = "<group>"; };
		E88E24392958CAE9EB4727EE /* NuvioAccountManager.swift */ = {isa = PBXFileReference; lastKnownFileType = sourcecode.swift; path = NuvioAccountManager.swift; sourceTree = "<group>"; };
		E99A1FF71A31C71290649189 /* PlaybackMemory.swift */ = {isa = PBXFileReference; lastKnownFileType = sourcecode.swift; path = PlaybackMemory.swift; sourceTree = "<group>"; };
		E9FC3F744D89D4C6EC533040 /* GlassSidebar.swift */ = {isa = PBXFileReference; lastKnownFileType = sourcecode.swift; path = GlassSidebar.swift; sourceTree = "<group>"; };
		EAE1265EE9F6B43BD02CCC9F /* CollectionView.swift */ = {isa = PBXFileReference; lastKnownFileType = sourcecode.swift; path = CollectionView.swift; sourceTree = "<group>"; };
		EC76C716994706B4C8031E57 /* NuvioConfig.swift */ = {isa = PBXFileReference; lastKnownFileType = sourcecode.swift; path = NuvioConfig.swift; sourceTree = "<group>"; };
		EDBD5D6D83637232496C5D02 /* AddonManager.swift */ = {isa = PBXFileReference; lastKnownFileType = sourcecode.swift; path = AddonManager.swift; sourceTree = "<group>"; };
		EDFA7EC018CBBC0C2C165D94 /* CommunityCollectionsView.swift */ = {isa = PBXFileReference; lastKnownFileType = sourcecode.swift; path = CommunityCollectionsView.swift; sourceTree = "<group>"; };
		F0510E8569C2B8AAC1E46969 /* Assets.xcassets */ = {isa = PBXFileReference; lastKnownFileType = folder.assetcatalog; path = Assets.xcassets; sourceTree = "<group>"; };
		F0810BF895BB79E0A1FE8295 /* FusionHeroBar.swift */ = {isa = PBXFileReference; lastKnownFileType = sourcecode.swift; path = FusionHeroBar.swift; sourceTree = "<group>"; };
		F1510EE278728A03479CC185 /* NuvioTheme.swift */ = {isa = PBXFileReference; lastKnownFileType = sourcecode.swift; path = NuvioTheme.swift; sourceTree = "<group>"; };
		F2F37340DE97CB402D9FE2DE /* TopShelfExporter.swift */ = {isa = PBXFileReference; lastKnownFileType = sourcecode.swift; path = TopShelfExporter.swift; sourceTree = "<group>"; };
		F4CCAAB52505E75CFE14A280 /* PlusJakartaSans-Bold.ttf */ = {isa = PBXFileReference; lastKnownFileType = file; path = "PlusJakartaSans-Bold.ttf"; sourceTree = "<group>"; };
		F6445656DB7DCAD1E90A05A4 /* FusionTokens.swift */ = {isa = PBXFileReference; lastKnownFileType = sourcecode.swift; path = FusionTokens.swift; sourceTree = "<group>"; };
		F9033005E03573788ECC97D1 /* PluginStore.swift */ = {isa = PBXFileReference; lastKnownFileType = sourcecode.swift; path = PluginStore.swift; sourceTree = "<group>"; };
		F927A2D709889D55514CB41C /* NuvioTVUITests.xctest */ = {isa = PBXFileReference; includeInIndex = 0; lastKnownFileType = wrapper.cfbundle; path = NuvioTVUITests.xctest; sourceTree = BUILT_PRODUCTS_DIR; };
/* End PBXFileReference section */

/* Begin PBXFrameworksBuildPhase section */
		7CF095A04FBE648A8F2200B3 /* Frameworks */ = {
			isa = PBXFrameworksBuildPhase;
			buildActionMask = 2147483647;
			files = (
				CB4FE6DE4F4A2038847E8042 /* KSPlayer in Frameworks */,
				08B2451CF86AC0C6434C5221 /* YouTubeKit in Frameworks */,
				9B9E605EC0039FC1C05A6A1C /* VLCKitSPM in Frameworks */,
				041A70A32298788621F2E622 /* libdovi.xcframework in Frameworks */,
			);
			runOnlyForDeploymentPostprocessing = 0;
		};
/* End PBXFrameworksBuildPhase section */

/* Begin PBXGroup section */
		012D641B8259F5E8B8E02BF1 /* Plugins */ = {
			isa = PBXGroup;
			children = (
				102BA7D7815453677A6A8EB5 /* PluginModels.swift */,
				30F27F22F4533CD299587859 /* PluginRuntime.swift */,
				F9033005E03573788ECC97D1 /* PluginStore.swift */,
			);
			path = Plugins;
			sourceTree = "<group>";
		};
		1ADF6C620D8A70DBCD8DA34C /* Theme */ = {
			isa = PBXGroup;
			children = (
				A5A01D5FF908F1F01CF6BA50 /* ATVTheme.swift */,
				F6445656DB7DCAD1E90A05A4 /* FusionTokens.swift */,
				F1510EE278728A03479CC185 /* NuvioTheme.swift */,
			);
			path = Theme;
			sourceTree = "<group>";
		};
		2199874BE4896082F0696835 = {
			isa = PBXGroup;
			children = (
				F0405325CCAAB6FF26CF4B39 /* NuvioTV */,
				3EA5B435AE268C74F95CE0BA /* NuvioTVUITests */,
				4E260F32D20D77D66C7CA83E /* Packages */,
				CADE00B5C8D12F6DC679137C /* Frameworks */,
				E2F0067E16BDF3AD90CAE3F8 /* Products */,
			);
			sourceTree = "<group>";
		};
		3C9B68D2E567ADBA8793F032 /* Fonts */ = {
			isa = PBXGroup;
			children = (
				F4CCAAB52505E75CFE14A280 /* PlusJakartaSans-Bold.ttf */,
				6451F0795E2EBBA900505F52 /* PlusJakartaSans-Medium.ttf */,
				B71A17685FFAD7E0923211ED /* PlusJakartaSans-Regular.ttf */,
			);
			path = Fonts;
			sourceTree = "<group>";
		};
		3EA5B435AE268C74F95CE0BA /* NuvioTVUITests */ = {
			isa = PBXGroup;
			children = (
				B453879DDCDBBC1441013D02 /* FocusTour.swift */,
			);
			path = NuvioTVUITests;
			sourceTree = "<group>";
		};
		4E260F32D20D77D66C7CA83E /* Packages */ = {
			isa = PBXGroup;
			children = (
				4851E3EBD2CB353BA336DAFE /* KSPlayer */,
			);
			name = Packages;
			sourceTree = "<group>";
		};
		502AC6FA40CD9F47BE851581 /* NuvioAccount */ = {
			isa = PBXGroup;
			children = (
				E88E24392958CAE9EB4727EE /* NuvioAccountManager.swift */,
				3DA2F1D1196039A07AE5F6E0 /* NuvioAuthModels.swift */,
				EC76C716994706B4C8031E57 /* NuvioConfig.swift */,
				918B41E012EC14B4B09F7155 /* NuvioLocalBackupService.swift */,
				A98645467AE5A622E980295E /* NuvioSyncDiagnostics.swift */,
				969D7289F1E624FC42108D86 /* NuvioSyncManager.swift */,
				4E68E4D03BAF629A2694A011 /* NuvioSyncModels.swift */,
				CB84CD5358005AFCBA81FA25 /* QRCode.swift */,
			);
			path = NuvioAccount;
			sourceTree = "<group>";
		};
		5F773B88E1B30F009C55D52C /* Screens */ = {
			isa = PBXGroup;
			children = (
				4581D56301494EB1525328EA /* AccountView.swift */,
				D424F88952AF98F3DB682E76 /* AddonDiscoverView.swift */,
				39DC3B35BA33139C3E0E7E57 /* ATVSettingsView.swift */,
				260D75DAB36C83E9C3ABC4C6 /* CastDetailView.swift */,
				09C3A6238099830333C1A60E /* CatalogSeeAllView.swift */,
				0427A6C91DE30C948C8A38BF /* CloudLibraryView.swift */,
				1F2F3D404F8090E645BED64F /* CollectionSourcePickerView.swift */,
				EAE1265EE9F6B43BD02CCC9F /* CollectionView.swift */,
				EDFA7EC018CBBC0C2C165D94 /* CommunityCollectionsView.swift */,
				243ACB41C793BA410B49B210 /* DetailView.swift */,
				4C01CCB128223FD098404765 /* DiscoverView.swift */,
				F0810BF895BB79E0A1FE8295 /* FusionHeroBar.swift */,
				E9FC3F744D89D4C6EC533040 /* GlassSidebar.swift */,
				ADBB2C0716736EF000BE1068 /* HomeView.swift */,
				DF61804404FEAD1E3E5E4FD6 /* LibraryView.swift */,
				E2E52DF7CD06E99777E79CD5 /* LiveTVView.swift */,
				BC411FD781EFBC41A09ECCFB /* PosterHoldMenu.swift */,
				E1B7D256E3B5029E76D7C03D /* ProfilesView.swift */,
				E5D7F61A348C43BA8601218A /* SearchView.swift */,
				C34BF835101EA7DC519880C9 /* SettingsIntegrationsView.swift */,
				142717F90563AF0BC845136D /* SettingsLayoutView.swift */,
				23BB59F8EC142A8F67E0D28F /* SettingsPerformanceView.swift */,
				553617D03EC21CCE1DC07E6F /* SettingsPlaybackView.swift */,
				7EC7EEE05D52CC374B75AF0F /* SettingsPluginsView.swift */,
				207E49F7F218C29823075727 /* SettingsStremioView.swift */,
				1EC4C10B5219C8C94F5868AA /* SettingsTraktView.swift */,
				6A77D0DFF73779D6393DDF7A /* SettingsView.swift */,
				5D89B97FD2C452C0137A911D /* StreamsView.swift */,
				E565452F2EEBB3B76844EE38 /* TMDBBrowseView.swift */,
			);
			path = Screens;
			sourceTree = "<group>";
		};
		6E33D55BCD10F8E46FCC8DB6 /* Core */ = {
			isa = PBXGroup;
			children = (
				16C3CC132C8AA81FEAD97A0F /* AddonCatalogService.swift */,
				EDBD5D6D83637232496C5D02 /* AddonManager.swift */,
				33630A3CF4A4B769A36A3404 /* AnimeSkipService.swift */,
				7F886347A1FAA3C2686A4A49 /* AppGroupResolver.swift */,
				6AD5B18FB74FBC61C79F0A2C /* BoundedConcurrency.swift */,
				CB57AA419192D7276E5E56DC /* CloudLibraryService.swift */,
				13F14405A1BC5A41FC21B2E4 /* CollectionResolver.swift */,
				3A901073E967FB097E347259 /* CollectionsStore.swift */,
				3A1B94052D73FAE9626AEBA3 /* DebridService.swift */,
				0CEDB85725047F73A8229A81 /* DeepLinkService.swift */,
				757A803B163112348471FFDB /* DiagnosticsService.swift */,
				17D137BCE0827FF5B9EBCA42 /* ExternalPlayers.swift */,
				A26744F92AC1D7E60BF3416E /* HomeCatalogSettingsStore.swift */,
				40ED41BE6AC1AE734241A985 /* LibraryStore.swift */,
				B1008C82BF4E819E8E025196 /* LiveTVSettingsStore.swift */,
				9F731E55D56113BBF882CA93 /* M3UService.swift */,
				414898F11CD091C483A70A67 /* MDBListService.swift */,
				79E6F3DF03C6701BE4587833 /* Models.swift */,
				27E6B87A80D6B01D3A58DD6B /* ParentalGuideService.swift */,
				0BC906D3D943CBF695266313 /* PerformanceProfile.swift */,
				378BD17D8C6352257471571D /* PerformanceSettingsStore.swift */,
				C26E3B4C279900B78470C667 /* PlayerSettingsStore.swift */,
				11754AD2FDC70C869EC871BC /* ProfileStore.swift */,
				BBDCBEA43CE00C6DD740B204 /* ProgressStore.swift */,
				4B46607610AE867A018845BD /* RatingsStore.swift */,
				AD681267F7BC35D3CC1F797C /* RequestCache.swift */,
				4D4C53D8C6A8B8FC9F1C1216 /* SourceSelection.swift */,
				5780AD496BA8A2CFBBCD07CB /* StreamBadges.swift */,
				B2BFA3A5175DFB66B5ED3B94 /* StremioAccount.swift */,
				8E7D954FA6B8F52309A05490 /* StremioAPI.swift */,
				E3460A9075F4147E89F4C69D /* StremioSyncManager.swift */,
				E3BA0288809B5DD6BEFC91DE /* TMDBService.swift */,
				F2F37340DE97CB402D9FE2DE /* TopShelfExporter.swift */,
				39771A168193BE313C08DB26 /* TorrentSettingsStore.swift */,
				B849FFDB58E807B07C473367 /* TorrServerService.swift */,
				A4EA353DABA76B77A9FCA728 /* TraktService.swift */,
				DAB427D4206F6FF8B2DB72D3 /* TraktSyncManager.swift */,
				B526B12FF40C35C8286806C2 /* WatchedStore.swift */,
				502AC6FA40CD9F47BE851581 /* NuvioAccount */,
				012D641B8259F5E8B8E02BF1 /* Plugins */,
			);
			path = Core;
			sourceTree = "<group>";
		};
		A2786B12FB7A437D43220100 /* Resources */ = {
			isa = PBXGroup;
			children = (
				3C9B68D2E567ADBA8793F032 /* Fonts */,
			);
			path = Resources;
			sourceTree = "<group>";
		};
		AB128350F79BF81294821AF5 /* Components */ = {
			isa = PBXGroup;
			children = (
				B0F6A4BAC8E2E8B139AFA4C3 /* AnimatedGIFView.swift */,
				49BAA0E54FBA5A8CFE9473FA /* Components.swift */,
				48C7489E80217819FDE6A04B /* FPSOverlay.swift */,
				44180118E0397498DE32CF39 /* NuvioDropdown.swift */,
			);
			path = Components;
			sourceTree = "<group>";
		};
		CADE00B5C8D12F6DC679137C /* Frameworks */ = {
			isa = PBXGroup;
			children = (
				164DA27F63B762F8EB81BBD6 /* libdovi.xcframework */,
			);
			name = Frameworks;
			sourceTree = "<group>";
		};
		D68D84295084526EF7FBE853 /* Player */ = {
			isa = PBXGroup;
			children = (
				102204A34654D2AF11EB4BFA /* Atomic.swift */,
				B6DB589DC0A8FBFAF5AE8C3F /* DoviConverter.swift */,
				CAB2EDAF3951B63EA5348D33 /* DVSampleEngine.swift */,
				CDA097F1D266535EE1D84FA0 /* FusionPlayerControlsOverlay.swift */,
				E2B5622602D0586649B04485 /* PauseOverlayView.swift */,
				82AD39946AE7E3EF48EA6F19 /* PlaybackDecision.swift */,
				E99A1FF71A31C71290649189 /* PlaybackMemory.swift */,
				45C310E078DDD7CF6D7F8D36 /* PlayerDiagnosticsHUD.swift */,
				75C74274D8317A3EC634F256 /* PlayerScreen.swift */,
				5E6FF8EBA83078F27EEBA5D5 /* PlayerTempSweep.swift */,
				88808D61D06962DC1E8D8598 /* PlayerVideoView.swift */,
				824B17483732A7F2EBB5F81D /* PlayerViewModel.swift */,
				33E98DE3FF2BD0DC102D80F4 /* RemoteInput.swift */,
				E6F178D2C0DFC1696A87DB92 /* ScrubberViews.swift */,
				1970D6E8918900E798318067 /* ScrubThumbnailer.swift */,
				0AABBCDB9DAA6E74AB201B6E /* SidePanels.swift */,
				3AFF7295F1567705FF1F5B5D /* StreamProbe.swift */,
				E07F3565C7E5BB417A83893E /* TrailerPlayer.swift */,
				760F22FDFFEF572A2AB98E3D /* VLCEngine.swift */,
			);
			path = Player;
			sourceTree = "<group>";
		};
		E2F0067E16BDF3AD90CAE3F8 /* Products */ = {
			isa = PBXGroup;
			children = (
				E082ACA18B306E4D2DFC76F4 /* NuvioTV.app */,
				F927A2D709889D55514CB41C /* NuvioTVUITests.xctest */,
			);
			name = Products;
			sourceTree = "<group>";
		};
		F0405325CCAAB6FF26CF4B39 /* NuvioTV */ = {
			isa = PBXGroup;
			children = (
				F0510E8569C2B8AAC1E46969 /* Assets.xcassets */,
				B927939FBF8E9EC49EC75E7F /* NuvioTVApp.swift */,
				2C9C87FFBAD0E1EECA829F5A /* Secrets.swift */,
				AB128350F79BF81294821AF5 /* Components */,
				6E33D55BCD10F8E46FCC8DB6 /* Core */,
				D68D84295084526EF7FBE853 /* Player */,
				A2786B12FB7A437D43220100 /* Resources */,
				5F773B88E1B30F009C55D52C /* Screens */,
				1ADF6C620D8A70DBCD8DA34C /* Theme */,
			);
			path = NuvioTV;
			sourceTree = "<group>";
		};
/* End PBXGroup section */

/* Begin PBXNativeTarget section */
		34E1659056F70F4B4C13C171 /* NuvioTVUITests */ = {
			isa = PBXNativeTarget;
			buildConfigurationList = 7364AD4F9305768329827A42 /* Build configuration list for PBXNativeTarget "NuvioTVUITests" */;
			buildPhases = (
				38659454645CAF0647462213 /* Sources */,
			);
			buildRules = (
			);
			dependencies = (
				B76EFD85C09C62F032C6DBC6 /* PBXTargetDependency */,
			);
			name = NuvioTVUITests;
			packageProductDependencies = (
			);
			productName = NuvioTVUITests;
			productReference = F927A2D709889D55514CB41C /* NuvioTVUITests.xctest */;
			productType = "com.apple.product-type.bundle.ui-testing";
		};
		9B28AFC24C4C5D6E30EA9EC5 /* NuvioTV */ = {
			isa = PBXNativeTarget;
			buildConfigurationList = C7B2B588629C5B8965B6D8AF /* Build configuration list for PBXNativeTarget "NuvioTV" */;
			buildPhases = (
				B27DA642EE4C8E6901537493 /* Sources */,
				A780F3099E8CBFCB61395E11 /* Resources */,
				7CF095A04FBE648A8F2200B3 /* Frameworks */,
				5F1E7788D99F9E71BD0AB008 /* Sanitize embedded framework bundle IDs */,
			);
			buildRules = (
			);
			dependencies = (
			);
			name = NuvioTV;
			packageProductDependencies = (
				6F247E3DA7201162C0D31072 /* KSPlayer */,
				31C49A9E4C9B1F404DCCB36B /* YouTubeKit */,
				02A6139CD1D7A76A7D0AC3DC /* VLCKitSPM */,
			);
			productName = NuvioTV;
			productReference = E082ACA18B306E4D2DFC76F4 /* NuvioTV.app */;
			productType = "com.apple.product-type.application";
		};
/* End PBXNativeTarget section */

/* Begin PBXProject section */
		8F5B314DFD27C68D213BBFF4 /* Project object */ = {
			isa = PBXProject;
			attributes = {
				BuildIndependentTargetsInParallel = YES;
				LastUpgradeCheck = 1430;
				TargetAttributes = {
					34E1659056F70F4B4C13C171 = {
						TestTargetID = 9B28AFC24C4C5D6E30EA9EC5;
					};
					9B28AFC24C4C5D6E30EA9EC5 = {
						DevelopmentTeam = CYCSPZ5MTR;
						ProvisioningStyle = Automatic;
					};
				};
			};
			buildConfigurationList = 3C2ADD7ADAB90D8E239624CD /* Build configuration list for PBXProject "NuvioTV" */;
			developmentRegion = en;
			hasScannedForEncodings = 0;
			knownRegions = (
				Base,
				en,
			);
			mainGroup = 2199874BE4896082F0696835;
			minimizedProjectReferenceProxies = 1;
			packageReferences = (
				FDB52EABAB443FA27592BF55 /* XCRemoteSwiftPackageReference "vlckit-spm" */,
				B9B90AA85856439021043215 /* XCRemoteSwiftPackageReference "YouTubeKit" */,
				A18192318FD4D25AF4490A17 /* XCLocalSwiftPackageReference "Vendor/KSPlayer" */,
			);
			preferredProjectObjectVersion = 77;
			productRefGroup = E2F0067E16BDF3AD90CAE3F8 /* Products */;
			projectDirPath = "";
			projectRoot = "";
			targets = (
				9B28AFC24C4C5D6E30EA9EC5 /* NuvioTV */,
				34E1659056F70F4B4C13C171 /* NuvioTVUITests */,
			);
		};
/* End PBXProject section */

/* Begin PBXResourcesBuildPhase section */
		A780F3099E8CBFCB61395E11 /* Resources */ = {
			isa = PBXResourcesBuildPhase;
			buildActionMask = 2147483647;
			files = (
				88FEDC4B3E55B7F1D0D065E1 /* Assets.xcassets in Resources */,
				C12671117236D8EFD2CCDAD7 /* PlusJakartaSans-Bold.ttf in Resources */,
				80CE9B4C173D49701AABA48E /* PlusJakartaSans-Medium.ttf in Resources */,
				5D185152242E28C27905AF0D /* PlusJakartaSans-Regular.ttf in Resources */,
			);
			runOnlyForDeploymentPostprocessing = 0;
		};
/* End PBXResourcesBuildPhase section */

/* Begin PBXShellScriptBuildPhase section */
		5F1E7788D99F9E71BD0AB008 /* Sanitize embedded framework bundle IDs */ = {
			isa = PBXShellScriptBuildPhase;
			alwaysOutOfDate = 1;
			buildActionMask = 2147483647;
			files = (
			);
			inputFileListPaths = (
			);
			inputPaths = (
			);
			name = "Sanitize embedded framework bundle IDs";
			outputFileListPaths = (
			);
			outputPaths = (
			);
			runOnlyForDeploymentPostprocessing = 0;
			shellPath = /bin/sh;
			shellScript = "set -eu\nFW_DIR=\"${CODESIGNING_FOLDER_PATH}/Frameworks\"\n[ -d \"$FW_DIR\" ] || exit 0\nIDENTITY=\"${EXPANDED_CODE_SIGN_IDENTITY:--}\"\nfor fw in \"$FW_DIR\"/*.framework; do\n  plist=\"$fw/Info.plist\"\n  [ -f \"$plist\" ] || continue\n  bid=$(/usr/libexec/PlistBuddy -c \"Print :CFBundleIdentifier\" \"$plist\" 2>/dev/null || true)\n  case \"$bid\" in\n    *_*)\n      newbid=$(printf '%s' \"$bid\" | tr '_' '-')\n      /usr/libexec/PlistBuddy -c \"Set :CFBundleIdentifier $newbid\" \"$plist\"\n      codesign --force --sign \"$IDENTITY\" --timestamp=none \"$fw\"\n      echo \"note: sanitized bundle id $bid -> $newbid\"\n      ;;\n  esac\ndone\n";
		};
/* End PBXShellScriptBuildPhase section */

/* Begin PBXSourcesBuildPhase section */
		38659454645CAF0647462213 /* Sources */ = {
			isa = PBXSourcesBuildPhase;
			buildActionMask = 2147483647;
			files = (
				DDDEA206F0D4A9A48B5C421C /* FocusTour.swift in Sources */,
			);
			runOnlyForDeploymentPostprocessing = 0;
		};
		B27DA642EE4C8E6901537493 /* Sources */ = {
			isa = PBXSourcesBuildPhase;
			buildActionMask = 2147483647;
			files = (
				303E74EFC12C9C1062E06549 /* ATVSettingsView.swift in Sources */,
				593D75321FD0DC3A3A87D7FA /* ATVTheme.swift in Sources */,
				BAFA27E5E9E52210E0D89DA5 /* AccountView.swift in Sources */,
				E443BC9DF49F9CC79A5971CD /* AddonCatalogService.swift in Sources */,
				8E628727D4B4241A39973930 /* AddonDiscoverView.swift in Sources */,
				14C76B28C6CFAB66591F7FEB /* AddonManager.swift in Sources */,
				B93CF80ADD1404E1ED522216 /* AnimatedGIFView.swift in Sources */,
				D93146472B6B7BF5F92096A7 /* AnimeSkipService.swift in Sources */,
				E9F427CC46D1D7C9E4D65EBE /* AppGroupResolver.swift in Sources */,
				E7968FD724F0443BE2AC6D9E /* Atomic.swift in Sources */,
				97189F552A08D00D804936BA /* BoundedConcurrency.swift in Sources */,
				8C3C2D551DB191D562E74637 /* CastDetailView.swift in Sources */,
				E70E13C52AD92FE35CBC2E4C /* CatalogSeeAllView.swift in Sources */,
				DE74561D221C4C25B60C7E41 /* CloudLibraryService.swift in Sources */,
				EA3331CD768BFEBD84DF3E31 /* CloudLibraryView.swift in Sources */,
				4312B17DA7F91CAC52773085 /* CollectionResolver.swift in Sources */,
				A055A49823153A5E7FF467CF /* CollectionSourcePickerView.swift in Sources */,
				AE0CFA7CB5922AEB4625975A /* CollectionView.swift in Sources */,
				2072F1BAB7047F8207172DA4 /* CollectionsStore.swift in Sources */,
				E2CFF35E41DBA1ED383BD452 /* CommunityCollectionsView.swift in Sources */,
				BF6961891F5345E7DBE28277 /* Components.swift in Sources */,
				1AAF42D71042267B89E916FF /* DVSampleEngine.swift in Sources */,
				0DFE89CB6E0C80C4497E341F /* DebridService.swift in Sources */,
				9B3FA2260743150105A9D5B4 /* DeepLinkService.swift in Sources */,
				E5B79A409AAB47A1AC1155D8 /* DetailView.swift in Sources */,
				5A1A603ACF792546257DA9D3 /* DiagnosticsService.swift in Sources */,
				8D638E0114249DD36A1B140E /* DiscoverView.swift in Sources */,
				6896AC6392F29F838AE40E41 /* DoviConverter.swift in Sources */,
				3DC8FC0723F87B82CBF59ECA /* ExternalPlayers.swift in Sources */,
				1034F55CBC8AD984D15D42BC /* FPSOverlay.swift in Sources */,
				41DE279DC5F071F69311372D /* FusionHeroBar.swift in Sources */,
				7BF77F209ADDEFD2A87797EB /* FusionPlayerControlsOverlay.swift in Sources */,
				AB5B766D183A7565977D32AE /* FusionTokens.swift in Sources */,
				7D52AB2325AF15E38962086F /* GlassSidebar.swift in Sources */,
				0BD9A09196C09FA6CD23461E /* HomeCatalogSettingsStore.swift in Sources */,
				96D2CB47BCA0FE3E4D612153 /* HomeView.swift in Sources */,
				05E7F090FE1B9AC25B4A887D /* LibraryStore.swift in Sources */,
				FAA75F676F4221AD4B32CD89 /* LibraryView.swift in Sources */,
				8CD8F022B9E892253F0139DE /* LiveTVSettingsStore.swift in Sources */,
				B99589BE4621E7B4EDD07A19 /* LiveTVView.swift in Sources */,
				BD13A077790442A6DDB1867D /* M3UService.swift in Sources */,
				26142DF8D7225D3AC3BEA184 /* MDBListService.swift in Sources */,
				CC4A6D4DD45D75EFED96839E /* Models.swift in Sources */,
				D31767F9B2A2591C6DF38322 /* NuvioAccountManager.swift in Sources */,
				940EF9F55F7D3674E2E712FC /* NuvioAuthModels.swift in Sources */,
				8EEF224B9573AA3722E84B1D /* NuvioConfig.swift in Sources */,
				F016AB0B271739F9298BE959 /* NuvioDropdown.swift in Sources */,
				B42B9DB670CD96D2A46BF3C4 /* NuvioLocalBackupService.swift in Sources */,
				DE12BE6F70FBD7F478A5C1C9 /* NuvioSyncDiagnostics.swift in Sources */,
				D5A546FAEA5DBF7EF868DBE3 /* NuvioSyncManager.swift in Sources */,
				13920A373FF2E5D7BB06F939 /* NuvioSyncModels.swift in Sources */,
				6866CA62BAB2D88C2968222B /* NuvioTVApp.swift in Sources */,
				F285DC442C9BCF03E79A73EA /* NuvioTheme.swift in Sources */,
				D80260DF602808C85646CA6F /* ParentalGuideService.swift in Sources */,
				A0E0B1CA9C96B4892749E9AB /* PauseOverlayView.swift in Sources */,
				274B3436429C0A39118709A3 /* PerformanceProfile.swift in Sources */,
				E7D11030D6A9778E46F942EB /* PerformanceSettingsStore.swift in Sources */,
				A31FEF4B46DD5BF74FE904B7 /* PlaybackDecision.swift in Sources */,
				6D6514C8D1CA6762391D951C /* PlaybackMemory.swift in Sources */,
				6690F24A9D9728CB59330407 /* PlayerDiagnosticsHUD.swift in Sources */,
				9AD59B3BF5A0C489ADD1AA58 /* PlayerScreen.swift in Sources */,
				3980DE34DE34E597267BC6A3 /* PlayerSettingsStore.swift in Sources */,
				DEBAD856757DC233DB8C0D71 /* PlayerTempSweep.swift in Sources */,
				117B56AA7E177A2635031B9D /* PlayerVideoView.swift in Sources */,
				4412060276D57FF1BBE56C30 /* PlayerViewModel.swift in Sources */,
				4ECEDFD89EDCFD7403B1E488 /* PluginModels.swift in Sources */,
				0E2802C1B431A3AC70B72BB9 /* PluginRuntime.swift in Sources */,
				2B0385C407CF63C38D4453C5 /* PluginStore.swift in Sources */,
				C876273DA65835A43BDBFFD9 /* PosterHoldMenu.swift in Sources */,
				3F2C9867CC3DD146F997D28A /* ProfileStore.swift in Sources */,
				95D56F234169C4D3C66B6EC7 /* ProfilesView.swift in Sources */,
				886C7D799342227181ECBE83 /* ProgressStore.swift in Sources */,
				23B73C354F5DF4CFFADB36BD /* QRCode.swift in Sources */,
				82F185106384988C38383B8D /* RatingsStore.swift in Sources */,
				2F285C593B479C27A9A8069E /* RemoteInput.swift in Sources */,
				4E54D704783E4680F2021062 /* RequestCache.swift in Sources */,
				9C364CBA90A9D6910DEE3E38 /* ScrubThumbnailer.swift in Sources */,
				A9F8E8B54CCF719E19974568 /* ScrubberViews.swift in Sources */,
				EA3FAC10216300E9811CF19E /* SearchView.swift in Sources */,
				276BD4FAF524DAD3A6C360DE /* Secrets.swift in Sources */,
				3EC157D90F074782DEEB8E73 /* SettingsIntegrationsView.swift in Sources */,
				548BE5350BCB2D3F680185F8 /* SettingsLayoutView.swift in Sources */,
				627408A14DE3DD180AAE8831 /* SettingsPerformanceView.swift in Sources */,
				0F24DF0540C57C77690AA0B1 /* SettingsPlaybackView.swift in Sources */,
				72F37280A6685C9D48A69C16 /* SettingsPluginsView.swift in Sources */,
				2945B18F2B9F38E9C256ED3F /* SettingsStremioView.swift in Sources */,
				14112BEF124289B4FC2A911A /* SettingsTraktView.swift in Sources */,
				21DF981C8F7FCF69FA6358DB /* SettingsView.swift in Sources */,
				87BE6E3BECE882078235D494 /* SidePanels.swift in Sources */,
				9E84617B508432C86A202A4E /* SourceSelection.swift in Sources */,
				2DCA83982721109BBFD27A97 /* StreamBadges.swift in Sources */,
				E49DA432855CAADA04F61C1A /* StreamProbe.swift in Sources */,
				7000373F832F741F5E30C8D0 /* StreamsView.swift in Sources */,
				8BEFD722640C2C3DCF9F0E71 /* StremioAPI.swift in Sources */,
				AE8A26A212CF6A062EA2F0B7 /* StremioAccount.swift in Sources */,
				C600249401D4B97C5E980D06 /* StremioSyncManager.swift in Sources */,
				3E75BF4F2B2008787D63DDDD /* TMDBBrowseView.swift in Sources */,
				93E54350111ACD546EF3AA86 /* TMDBService.swift in Sources */,
				70F4581D9B6D5F367F3AB2FE /* TopShelfExporter.swift in Sources */,
				C1E4CF340CEB3DCC7282754C /* TorrServerService.swift in Sources */,
				3168B6CE490B234598A37408 /* TorrentSettingsStore.swift in Sources */,
				7E27EFF436F5ABF148CCB301 /* TrailerPlayer.swift in Sources */,
				93AB0F8D7406FDE418FD0158 /* TraktService.swift in Sources */,
				3DEB06FDEFAA98127BC3C22B /* TraktSyncManager.swift in Sources */,
				23316C23B3E4386774491DB7 /* VLCEngine.swift in Sources */,
				954267FE8B47C238B5ED55D1 /* WatchedStore.swift in Sources */,
			);
			runOnlyForDeploymentPostprocessing = 0;
		};
/* End PBXSourcesBuildPhase section */

/* Begin PBXTargetDependency section */
		B76EFD85C09C62F032C6DBC6 /* PBXTargetDependency */ = {
			isa = PBXTargetDependency;
			target = 9B28AFC24C4C5D6E30EA9EC5 /* NuvioTV */;
			targetProxy = A82B05549178A1A29811495F /* PBXContainerItemProxy */;
		};
/* End PBXTargetDependency section */

/* Begin XCBuildConfiguration section */
		00F04F10507014776986D391 /* Release */ = {
			isa = XCBuildConfiguration;
			buildSettings = {
				ASSETCATALOG_COMPILER_APPICON_NAME = "App Icon & Top Shelf Image";
				ASSETCATALOG_COMPILER_LAUNCHIMAGE_NAME = LaunchImage;
				CODE_SIGN_STYLE = Automatic;
				CURRENT_PROJECT_VERSION = 1;
				DEVELOPMENT_TEAM = CYCSPZ5MTR;
				ENABLE_USER_SCRIPT_SANDBOXING = NO;
				FRAMEWORK_SEARCH_PATHS = (
					"$(inherited)",
					"\"Vendor\"",
				);
				INFOPLIST_FILE = Config/Info.plist;
				LD_RUNPATH_SEARCH_PATHS = (
					"$(inherited)",
					"@executable_path/Frameworks",
				);
				MARKETING_VERSION = 0.7.15;
				PRODUCT_BUNDLE_IDENTIFIER = com.orivio.tv.appletv.dev;
				SDKROOT = appletvos;
				SWIFT_VERSION = 5.9;
				TARGETED_DEVICE_FAMILY = 3;
			};
			name = Release;
		};
		22C24339DEBEADD795D2D730 /* Release */ = {
			isa = XCBuildConfiguration;
			buildSettings = {
				BUNDLE_LOADER = "$(TEST_HOST)";
				CODE_SIGNING_ALLOWED = NO;
				LD_RUNPATH_SEARCH_PATHS = (
					"$(inherited)",
					"@executable_path/Frameworks",
					"@loader_path/Frameworks",
				);
				PRODUCT_BUNDLE_IDENTIFIER = com.orivio.tv.appletv.uitests;
				SDKROOT = appletvos;
				SWIFT_VERSION = 5.9;
				TARGETED_DEVICE_FAMILY = 3;
				TEST_TARGET_NAME = NuvioTV;
			};
			name = Release;
		};
		3E4FD710304BA2D0D41E3C29 /* Release */ = {
			isa = XCBuildConfiguration;
			buildSettings = {
				ALWAYS_SEARCH_USER_PATHS = NO;
				CLANG_ANALYZER_NONNULL = YES;
				CLANG_ANALYZER_NUMBER_OBJECT_CONVERSION = YES_AGGRESSIVE;
				CLANG_CXX_LANGUAGE_STANDARD = "gnu++14";
				CLANG_CXX_LIBRARY = "libc++";
				CLANG_ENABLE_MODULES = YES;
				CLANG_ENABLE_OBJC_ARC = YES;
				CLANG_ENABLE_OBJC_WEAK = YES;
				CLANG_WARN_BLOCK_CAPTURE_AUTORELEASING = YES;
				CLANG_WARN_BOOL_CONVERSION = YES;
				CLANG_WARN_COMMA = YES;
				CLANG_WARN_CONSTANT_CONVERSION = YES;
				CLANG_WARN_DEPRECATED_OBJC_IMPLEMENTATIONS = YES;
				CLANG_WARN_DIRECT_OBJC_ISA_USAGE = YES_ERROR;
				CLANG_WARN_DOCUMENTATION_COMMENTS = YES;
				CLANG_WARN_EMPTY_BODY = YES;
				CLANG_WARN_ENUM_CONVERSION = YES;
				CLANG_WARN_INFINITE_RECURSION = YES;
				CLANG_WARN_INT_CONVERSION = YES;
				CLANG_WARN_NON_LITERAL_NULL_CONVERSION = YES;
				CLANG_WARN_OBJC_IMPLICIT_RETAIN_SELF = YES;
				CLANG_WARN_OBJC_LITERAL_CONVERSION = YES;
				CLANG_WARN_OBJC_ROOT_CLASS = YES_ERROR;
				CLANG_WARN_QUOTED_INCLUDE_IN_FRAMEWORK_HEADER = YES;
				CLANG_WARN_RANGE_LOOP_ANALYSIS = YES;
				CLANG_WARN_STRICT_PROTOTYPES = YES;
				CLANG_WARN_SUSPICIOUS_MOVE = YES;
				CLANG_WARN_UNGUARDED_AVAILABILITY = YES_AGGRESSIVE;
				CLANG_WARN_UNREACHABLE_CODE = YES;
				CLANG_WARN__DUPLICATE_METHOD_MATCH = YES;
				COPY_PHASE_STRIP = NO;
				DEBUG_INFORMATION_FORMAT = "dwarf-with-dsym";
				ENABLE_NS_ASSERTIONS = NO;
				ENABLE_STRICT_OBJC_MSGSEND = YES;
				GCC_C_LANGUAGE_STANDARD = gnu11;
				GCC_NO_COMMON_BLOCKS = YES;
				GCC_WARN_64_TO_32_BIT_CONVERSION = YES;
				GCC_WARN_ABOUT_RETURN_TYPE = YES_ERROR;
				GCC_WARN_UNDECLARED_SELECTOR = YES;
				GCC_WARN_UNINITIALIZED_AUTOS = YES_AGGRESSIVE;
				GCC_WARN_UNUSED_FUNCTION = YES;
				GCC_WARN_UNUSED_VARIABLE = YES;
				MTL_ENABLE_DEBUG_INFO = NO;
				MTL_FAST_MATH = YES;
				PRODUCT_NAME = "$(TARGET_NAME)";
				SDKROOT = appletvos;
				SWIFT_COMPILATION_MODE = wholemodule;
				SWIFT_OPTIMIZATION_LEVEL = "-O";
				SWIFT_VERSION = 5.0;
				TVOS_DEPLOYMENT_TARGET = 17.0;
			};
			name = Release;
		};
		A80FF99C0C182CB65E009495 /* Debug */ = {
			isa = XCBuildConfiguration;
			buildSettings = {
				BUNDLE_LOADER = "$(TEST_HOST)";
				CODE_SIGNING_ALLOWED = NO;
				LD_RUNPATH_SEARCH_PATHS = (
					"$(inherited)",
					"@executable_path/Frameworks",
					"@loader_path/Frameworks",
				);
				PRODUCT_BUNDLE_IDENTIFIER = com.orivio.tv.appletv.uitests;
				SDKROOT = appletvos;
				SWIFT_VERSION = 5.9;
				TARGETED_DEVICE_FAMILY = 3;
				TEST_TARGET_NAME = NuvioTV;
			};
			name = Debug;
		};
		B35B529E51903AA956A76D7C /* Debug */ = {
			isa = XCBuildConfiguration;
			buildSettings = {
				ALWAYS_SEARCH_USER_PATHS = NO;
				CLANG_ANALYZER_NONNULL = YES;
				CLANG_ANALYZER_NUMBER_OBJECT_CONVERSION = YES_AGGRESSIVE;
				CLANG_CXX_LANGUAGE_STANDARD = "gnu++14";
				CLANG_CXX_LIBRARY = "libc++";
				CLANG_ENABLE_MODULES = YES;
				CLANG_ENABLE_OBJC_ARC = YES;
				CLANG_ENABLE_OBJC_WEAK = YES;
				CLANG_WARN_BLOCK_CAPTURE_AUTORELEASING = YES;
				CLANG_WARN_BOOL_CONVERSION = YES;
				CLANG_WARN_COMMA = YES;
				CLANG_WARN_CONSTANT_CONVERSION = YES;
				CLANG_WARN_DEPRECATED_OBJC_IMPLEMENTATIONS = YES;
				CLANG_WARN_DIRECT_OBJC_ISA_USAGE = YES_ERROR;
				CLANG_WARN_DOCUMENTATION_COMMENTS = YES;
				CLANG_WARN_EMPTY_BODY = YES;
				CLANG_WARN_ENUM_CONVERSION = YES;
				CLANG_WARN_INFINITE_RECURSION = YES;
				CLANG_WARN_INT_CONVERSION = YES;
				CLANG_WARN_NON_LITERAL_NULL_CONVERSION = YES;
				CLANG_WARN_OBJC_IMPLICIT_RETAIN_SELF = YES;
				CLANG_WARN_OBJC_LITERAL_CONVERSION = YES;
				CLANG_WARN_OBJC_ROOT_CLASS = YES_ERROR;
				CLANG_WARN_QUOTED_INCLUDE_IN_FRAMEWORK_HEADER = YES;
				CLANG_WARN_RANGE_LOOP_ANALYSIS = YES;
				CLANG_WARN_STRICT_PROTOTYPES = YES;
				CLANG_WARN_SUSPICIOUS_MOVE = YES;
				CLANG_WARN_UNGUARDED_AVAILABILITY = YES_AGGRESSIVE;
				CLANG_WARN_UNREACHABLE_CODE = YES;
				CLANG_WARN__DUPLICATE_METHOD_MATCH = YES;
				COPY_PHASE_STRIP = NO;
				DEBUG_INFORMATION_FORMAT = dwarf;
				ENABLE_STRICT_OBJC_MSGSEND = YES;
				ENABLE_TESTABILITY = YES;
				GCC_C_LANGUAGE_STANDARD = gnu11;
				GCC_DYNAMIC_NO_PIC = NO;
				GCC_NO_COMMON_BLOCKS = YES;
				GCC_OPTIMIZATION_LEVEL = 0;
				GCC_PREPROCESSOR_DEFINITIONS = (
					"$(inherited)",
					"DEBUG=1",
				);
				GCC_WARN_64_TO_32_BIT_CONVERSION = YES;
				GCC_WARN_ABOUT_RETURN_TYPE = YES_ERROR;
				GCC_WARN_UNDECLARED_SELECTOR = YES;
				GCC_WARN_UNINITIALIZED_AUTOS = YES_AGGRESSIVE;
				GCC_WARN_UNUSED_FUNCTION = YES;
				GCC_WARN_UNUSED_VARIABLE = YES;
				MTL_ENABLE_DEBUG_INFO = INCLUDE_SOURCE;
				MTL_FAST_MATH = YES;
				ONLY_ACTIVE_ARCH = YES;
				PRODUCT_NAME = "$(TARGET_NAME)";
				SDKROOT = appletvos;
				SWIFT_ACTIVE_COMPILATION_CONDITIONS = DEBUG;
				SWIFT_OPTIMIZATION_LEVEL = "-Onone";
				SWIFT_VERSION = 5.0;
				TVOS_DEPLOYMENT_TARGET = 17.0;
			};
			name = Debug;
		};
		E3DE35313F78F6B87ABAB7D8 /* Debug */ = {
			isa = XCBuildConfiguration;
			buildSettings = {
				ASSETCATALOG_COMPILER_APPICON_NAME = "App Icon & Top Shelf Image";
				ASSETCATALOG_COMPILER_LAUNCHIMAGE_NAME = LaunchImage;
				CODE_SIGN_STYLE = Automatic;
				CURRENT_PROJECT_VERSION = 1;
				DEVELOPMENT_TEAM = CYCSPZ5MTR;
				ENABLE_USER_SCRIPT_SANDBOXING = NO;
				FRAMEWORK_SEARCH_PATHS = (
					"$(inherited)",
					"\"Vendor\"",
				);
				INFOPLIST_FILE = Config/Info.plist;
				LD_RUNPATH_SEARCH_PATHS = (
					"$(inherited)",
					"@executable_path/Frameworks",
				);
				MARKETING_VERSION = 0.7.15;
				PRODUCT_BUNDLE_IDENTIFIER = com.orivio.tv.appletv.dev;
				SDKROOT = appletvos;
				SWIFT_VERSION = 5.9;
				TARGETED_DEVICE_FAMILY = 3;
			};
			name = Debug;
		};
/* End XCBuildConfiguration section */

/* Begin XCConfigurationList section */
		3C2ADD7ADAB90D8E239624CD /* Build configuration list for PBXProject "NuvioTV" */ = {
			isa = XCConfigurationList;
			buildConfigurations = (
				B35B529E51903AA956A76D7C /* Debug */,
				3E4FD710304BA2D0D41E3C29 /* Release */,
			);
			defaultConfigurationIsVisible = 0;
			defaultConfigurationName = Debug;
		};
		7364AD4F9305768329827A42 /* Build configuration list for PBXNativeTarget "NuvioTVUITests" */ = {
			isa = XCConfigurationList;
			buildConfigurations = (
				A80FF99C0C182CB65E009495 /* Debug */,
				22C24339DEBEADD795D2D730 /* Release */,
			);
			defaultConfigurationIsVisible = 0;
			defaultConfigurationName = Debug;
		};
		C7B2B588629C5B8965B6D8AF /* Build configuration list for PBXNativeTarget "NuvioTV" */ = {
			isa = XCConfigurationList;
			buildConfigurations = (
				E3DE35313F78F6B87ABAB7D8 /* Debug */,
				00F04F10507014776986D391 /* Release */,
			);
			defaultConfigurationIsVisible = 0;
			defaultConfigurationName = Debug;
		};
/* End XCConfigurationList section */

/* Begin XCLocalSwiftPackageReference section */
		A18192318FD4D25AF4490A17 /* XCLocalSwiftPackageReference "Vendor/KSPlayer" */ = {
			isa = XCLocalSwiftPackageReference;
			relativePath = Vendor/KSPlayer;
		};
/* End XCLocalSwiftPackageReference section */

/* Begin XCRemoteSwiftPackageReference section */
		B9B90AA85856439021043215 /* XCRemoteSwiftPackageReference "YouTubeKit" */ = {
			isa = XCRemoteSwiftPackageReference;
			repositoryURL = "https://github.com/alexeichhorn/YouTubeKit";
			requirement = {
				kind = exactVersion;
				version = 0.4.9;
			};
		};
		FDB52EABAB443FA27592BF55 /* XCRemoteSwiftPackageReference "vlckit-spm" */ = {
			isa = XCRemoteSwiftPackageReference;
			repositoryURL = "https://github.com/tylerjonesio/vlckit-spm";
			requirement = {
				kind = upToNextMajorVersion;
				minimumVersion = 3.6.0;
			};
		};
/* End XCRemoteSwiftPackageReference section */

/* Begin XCSwiftPackageProductDependency section */
		02A6139CD1D7A76A7D0AC3DC /* VLCKitSPM */ = {
			isa = XCSwiftPackageProductDependency;
			package = FDB52EABAB443FA27592BF55 /* XCRemoteSwiftPackageReference "vlckit-spm" */;
			productName = VLCKitSPM;
		};
		31C49A9E4C9B1F404DCCB36B /* YouTubeKit */ = {
			isa = XCSwiftPackageProductDependency;
			package = B9B90AA85856439021043215 /* XCRemoteSwiftPackageReference "YouTubeKit" */;
			productName = YouTubeKit;
		};
		6F247E3DA7201162C0D31072 /* KSPlayer */ = {
			isa = XCSwiftPackageProductDependency;
			productName = KSPlayer;
		};
/* End XCSwiftPackageProductDependency section */
	};
	rootObject = 8F5B314DFD27C68D213BBFF4 /* Project object */;
}
